{
  "name": "remote-claude",
  "version": "1.0.5-beta.2",
  "lockfileVersion": 3,
  "requires": true,
  "packages": {
    "": {
      "name": "remote-claude",
      "version": "1.0.4",
      "hasInstallScript": true,
      "license": "MIT",
      "os": [
        "darwin",
        "linux"
      ],
      "bin": {
        "cdx": "bin/cdx",
        "cl": "bin/cl",
        "cla": "bin/cla",
        "cx": "bin/cx",
        "remote-claude": "bin/remote-claude"
      },
      "engines": {
        "node": ">=16"
      }
    }
  }
}
